
Microsoft Visual Studio Solution File, Format Version 12.00
# Visual Studio Version 17
VisualStudioVersion = 17.4.33205.214
MinimumVisualStudioVersion = 10.0.40219.1
Project("{FAE04EC0-301F-11D3-BF4B-00C04F79EFBC}") = "Workaround", "Workaround\Workaround.csproj", "{33188060-9213-4373-BF55-A9F3ECBCD649}"
EndProject
Project("{FAE04EC0-301F-11D3-BF4B-00C04F79EFBC}") = "Entities", "Entities\Entities.csproj", "{33556C1E-B98A-429E-B031-A41A3B6B75C5}"
EndProject
Project("{FAE04EC0-301F-11D3-BF4B-00C04F79EFBC}") = "Business", "Business\Business.csproj", "{EF72A87E-0BF6-44FA-82AC-3D18C3D9F985}"
EndProject
Global
	GlobalSection(SolutionConfigurationPlatforms) = preSolution
		Debug|Any CPU = Debug|Any CPU
		Release|Any CPU = Release|Any CPU
	EndGlobalSection
	GlobalSection(ProjectConfigurationPlatforms) = postSolution
		{33188060-9213-4373-BF55-A9F3ECBCD649}.Debug|Any CPU.ActiveCfg = Debug|Any CPU
		{33188060-9213-4373-BF55-A9F3ECBCD649}.Debug|Any CPU.Build.0 = Debug|Any CPU
		{33188060-9213-4373-BF55-A9F3ECBCD649}.Release|Any CPU.ActiveCfg = Release|Any CPU
		{33188060-9213-4373-BF55-A9F3ECBCD649}.Release|Any CPU.Build.0 = Release|Any CPU
		{33556C1E-B98A-429E-B031-A41A3B6B75C5}.Debug|Any CPU.ActiveCfg = Debug|Any CPU
		{33556C1E-B98A-429E-B031-A41A3B6B75C5}.Debug|Any CPU.Build.0 = Debug|Any CPU
		{33556C1E-B98A-429E-B031-A41A3B6B75C5}.Release|Any CPU.ActiveCfg = Release|Any CPU
		{33556C1E-B98A-429E-B031-A41A3B6B75C5}.Release|Any CPU.Build.0 = Release|Any CPU
		{EF72A87E-0BF6-44FA-82AC-3D18C3D9F985}.Debug|Any CPU.ActiveCfg = Debug|Any CPU
		{EF72A87E-0BF6-44FA-82AC-3D18C3D9F985}.Debug|Any CPU.Build.0 = Debug|Any CPU
		{EF72A87E-0BF6-44FA-82AC-3D18C3D9F985}.Release|Any CPU.ActiveCfg = Release|Any CPU
		{EF72A87E-0BF6-44FA-82AC-3D18C3D9F985}.Release|Any CPU.Build.0 = Release|Any CPU
	EndGlobalSection
	GlobalSection(SolutionProperties) = preSolution
		HideSolutionNode = FALSE
	EndGlobalSection
	GlobalSection(ExtensibilityGlobals) = postSolution
		SolutionGuid = {BFAEDD15-CD81-4F39-8901-DA27955EB5A3}
	EndGlobalSection
EndGlobal
